<?xml version="1.0" encoding="utf-8"?>
<Project ToolsVersion="4.0" xmlns="http://schemas.microsoft.com/developer/msbuild/2003">
  <ItemGroup>
    <Filter Include="Core">
      <UniqueIdentifier>{64b063e6-dbf9-4e27-98d0-2059c9cd494e}</UniqueIdentifier>
    </Filter>
    <Filter Include="Render">
      <UniqueIdentifier>{bcd03416-4844-448c-bebd-ebefda06bd00}</UniqueIdentifier>
    </Filter>
    <Filter Include="Math">
      <UniqueIdentifier>{052d0ee3-8111-4f77-9b4a-d1628631be7f}</UniqueIdentifier>
    </Filter>
    <Filter Include="GDI">
      <UniqueIdentifier>{d4324838-a993-42e2-809e-2f86155087fd}</UniqueIdentifier>
    </Filter>
    <Filter Include="D3D">
      <UniqueIdentifier>{ce6ed4f2-3ff8-4727-900a-73e13dc90cf3}</UniqueIdentifier>
    </Filter>
  </ItemGroup>
  <ItemGroup>
    <ClInclude Include="Sumomo2.h">
      <Filter>Core</Filter>
    </ClInclude>
    <ClInclude Include="SumomoGame.h">
      <Filter>Core</Filter>
    </ClInclude>
    <ClInclude Include="Framework.h">
      <Filter>Core</Filter>
    </ClInclude>
    <ClInclude Include="SumomoRenderer.h">
      <Filter>Render</Filter>
    </ClInclude>
    <ClInclude Include="Vector2.h">
      <Filter>Math</Filter>
    </ClInclude>
    <ClInclude Include="Constant.h">
      <Filter>Math</Filter>
    </ClInclude>
    <ClInclude Include="GDI_Renderer.h">
      <Filter>GDI</Filter>
    </ClInclude>
    <ClInclude Include="Random.h">
      <Filter>Math</Filter>
    </ClInclude>
    <ClInclude Include="Color.h">
      <Filter>Render</Filter>
    </ClInclude>
    <ClInclude Include="GDI_FreeCanvas.h">
      <Filter>GDI</Filter>
    </ClInclude>
    <ClInclude Include="Vector3.h">
      <Filter>Math</Filter>
    </ClInclude>
    <ClInclude Include="D3D_Renderer.h">
      <Filter>D3D</Filter>
    </ClInclude>
  </ItemGroup>
  <ItemGroup>
    <ClCompile Include="Sumomo2.cpp">
      <Filter>Core</Filter>
    </ClCompile>
    <ClCompile Include="SumomoGame.cpp">
      <Filter>Core</Filter>
    </ClCompile>
    <ClCompile Include="Vector2.cpp">
      <Filter>Math</Filter>
    </ClCompile>
    <ClCompile Include="GDI_Renderer.cpp">
      <Filter>GDI</Filter>
    </ClCompile>
    <ClCompile Include="Random.cpp">
      <Filter>Math</Filter>
    </ClCompile>
    <ClCompile Include="Color.cpp">
      <Filter>Render</Filter>
    </ClCompile>
    <ClCompile Include="GDI_FreeCanvas.cpp">
      <Filter>GDI</Filter>
    </ClCompile>
    <ClCompile Include="Vector3.cpp">
      <Filter>Math</Filter>
    </ClCompile>
    <ClCompile Include="D3D_Renderer.cpp">
      <Filter>D3D</Filter>
    </ClCompile>
  </ItemGroup>
</Project>